PODS:
  - Nimble (4.0.0)
  - Quick (0.9.2)
  - Swinject (1.1.0)

DEPENDENCIES:
  - Nimble (~> 4.0)
  - Quick (~> 0.9)
  - Swinject (~> 1.1)

SPEC CHECKSUMS:
  Nimble: 72bcc3e2f02242e6bfaaf8d9412ca7bfe3d8b417
  Quick: 18d057bc66451eedd5d1c8dc99ba2a5db6e60226
  Swinject: 514e56e46e3cd362f2cca07bb6ad1fdbed9abbfa

COCOAPODS: 0.39.0
